
Microsoft Visual Studio Solution File, Format Version 12.00
# Visual Studio Version 16
VisualStudioVersion = 16.0.31402.337
MinimumVisualStudioVersion = 10.0.40219.1
Project("{FAE04EC0-301F-11D3-BF4B-00C04F79EFBC}") = "ConvertJson-DistantPoint", "ConvertJson-DistantPoint\ConvertJson-DistantPoint.csproj", "{42A9F1FA-6F76-486D-BF5F-7FFF7DBC3D07}"
EndProject
Global
	GlobalSection(SolutionConfigurationPlatforms) = preSolution
		Debug|Any CPU = Debug|Any CPU
		Release|Any CPU = Release|Any CPU
	EndGlobalSection
	GlobalSection(ProjectConfigurationPlatforms) = postSolution
		{42A9F1FA-6F76-486D-BF5F-7FFF7DBC3D07}.Debug|Any CPU.ActiveCfg = Debug|Any CPU
		{42A9F1FA-6F76-486D-BF5F-7FFF7DBC3D07}.Debug|Any CPU.Build.0 = Debug|Any CPU
		{42A9F1FA-6F76-486D-BF5F-7FFF7DBC3D07}.Release|Any CPU.ActiveCfg = Release|Any CPU
		{42A9F1FA-6F76-486D-BF5F-7FFF7DBC3D07}.Release|Any CPU.Build.0 = Release|Any CPU
	EndGlobalSection
	GlobalSection(SolutionProperties) = preSolution
		HideSolutionNode = FALSE
	EndGlobalSection
	GlobalSection(ExtensibilityGlobals) = postSolution
		SolutionGuid = {6C135DB1-DAFC-4AAB-AA1B-A00C11DD9A3B}
	EndGlobalSection
EndGlobal
